<?xml version="1.0" encoding="utf-8"?>
<Project ToolsVersion="4.0" xmlns="http://schemas.microsoft.com/developer/msbuild/2003">
  <ItemGroup>
    <Filter Include="Quelldateien">
      <UniqueIdentifier>{4FC737F1-C7A5-4376-A066-2A32D752A2FF}</UniqueIdentifier>
      <Extensions>cpp;c;cc;cxx;def;odl;idl;hpj;bat;asm;asmx</Extensions>
    </Filter>
    <Filter Include="Headerdateien">
      <UniqueIdentifier>{93995380-89BD-4b04-88EB-625FBE52EBFB}</UniqueIdentifier>
      <Extensions>h;hh;hpp;hxx;hm;inl;inc;ipp;xsd</Extensions>
    </Filter>
    <Filter Include="Ressourcendateien">
      <UniqueIdentifier>{67DA6AB6-F800-4c08-8B7A-83BB121AAD01}</UniqueIdentifier>
      <Extensions>rc;ico;cur;bmp;dlg;rc2;rct;bin;rgs;gif;jpg;jpeg;jpe;resx;tiff;tif;png;wav;mfcribbon-ms</Extensions>
    </Filter>
    <Filter Include="Headerdateien\Objects">
      <UniqueIdentifier>{599038f7-acae-4eb1-8325-56eac86a9b14}</UniqueIdentifier>
    </Filter>
    <Filter Include="Quelldateien\Objects">
      <UniqueIdentifier>{81f378ff-5164-40fb-83a6-47fc1256c3a7}</UniqueIdentifier>
    </Filter>
    <Filter Include="Ressourcendateien\Source">
      <UniqueIdentifier>{a94490aa-bda0-467a-adee-aade0a1987e7}</UniqueIdentifier>
    </Filter>
  </ItemGroup>
  <ItemGroup>
    <ClCompile Include="Main.cpp">
      <Filter>Quelldateien</Filter>
    </ClCompile>
    <ClCompile Include="Symbol.cpp">
      <Filter>Quelldateien\Objects</Filter>
    </ClCompile>
    <ClCompile Include="Expression.cpp">
      <Filter>Quelldateien\Objects</Filter>
    </ClCompile>
    <ClCompile Include="Parser.cpp">
      <Filter>Quelldateien</Filter>
    </ClCompile>
    <ClCompile Include="Lexer.cpp">
      <Filter>Quelldateien</Filter>
    </ClCompile>
    <ClCompile Include="Token.cpp">
      <Filter>Quelldateien\Objects</Filter>
    </ClCompile>
    <ClCompile Include="Helper.cpp">
      <Filter>Quelldateien</Filter>
    </ClCompile>
  </ItemGroup>
  <ItemGroup>
    <ClInclude Include="Expression.h">
      <Filter>Headerdateien\Objects</Filter>
    </ClInclude>
    <ClInclude Include="Symbol.h">
      <Filter>Headerdateien\Objects</Filter>
    </ClInclude>
    <ClInclude Include="Parser.h">
      <Filter>Headerdateien</Filter>
    </ClInclude>
    <ClInclude Include="Debug.h">
      <Filter>Headerdateien</Filter>
    </ClInclude>
    <ClInclude Include="Lexer.h">
      <Filter>Headerdateien</Filter>
    </ClInclude>
    <ClInclude Include="Token.h">
      <Filter>Headerdateien\Objects</Filter>
    </ClInclude>
    <ClInclude Include="Helper.h">
      <Filter>Headerdateien</Filter>
    </ClInclude>
  </ItemGroup>
  <ItemGroup>
    <Text Include="Code.txt">
      <Filter>Ressourcendateien\Source</Filter>
    </Text>
  </ItemGroup>
</Project>